
Microsoft Visual Studio Solution File, Format Version 12.00
# Visual Studio 15
VisualStudioVersion = 15.0.28010.2003
MinimumVisualStudioVersion = 10.0.40219.1
Project("{9A19103F-16F7-4668-BE54-9A1E7A4F7556}") = "WebJobs.Extensions.DependencyInjection", "src\WebJobs.Extensions.DependencyInjection\WebJobs.Extensions.DependencyInjection.csproj", "{B97CA51D-2631-427E-9E5F-672308941D1C}"
EndProject
Global
	GlobalSection(SolutionConfigurationPlatforms) = preSolution
		Debug|Any CPU = Debug|Any CPU
		Release|Any CPU = Release|Any CPU
	EndGlobalSection
	GlobalSection(ProjectConfigurationPlatforms) = postSolution
		{B97CA51D-2631-427E-9E5F-672308941D1C}.Debug|Any CPU.ActiveCfg = Debug|Any CPU
		{B97CA51D-2631-427E-9E5F-672308941D1C}.Debug|Any CPU.Build.0 = Debug|Any CPU
		{B97CA51D-2631-427E-9E5F-672308941D1C}.Release|Any CPU.ActiveCfg = Release|Any CPU
		{B97CA51D-2631-427E-9E5F-672308941D1C}.Release|Any CPU.Build.0 = Release|Any CPU
	EndGlobalSection
	GlobalSection(SolutionProperties) = preSolution
		HideSolutionNode = FALSE
	EndGlobalSection
	GlobalSection(ExtensibilityGlobals) = postSolution
		SolutionGuid = {2FBEB734-69EA-40F8-B6B5-E50934861320}
	EndGlobalSection
EndGlobal
